<Solution>
  <Project Path="LeapYear/LeapYear.csproj" Id="000048e7-1007-48f8-80cd-ab474e44d0fd" />
  <Project Path="OddOrEven/OddOrEven.csproj" />
  <Project Path="OddsOrEvens/OddsOrEvens.csproj" />
  <Project Path="Reverse/Reverse.csproj" Id="e836b090-71b5-4b83-b96a-ae2df6dbb7a0" />
  <Project Path="ReverseTree/ReverseTree.csproj" Id="83e63f92-366d-4627-884d-420fb3e3d360" />
  <Project Path="YearOfWeekend01/YearOfWeekend01.csproj" Id="86a987b7-2743-455d-b7ca-8a1962cee663" />
  <Project Path="YearOfWeekend02/YearOfWeekend02.csproj" Id="eff27ee8-5564-47e6-965f-dce518de5694" />
  <Project Path="YearOfWeekend03/YearOfWeekend03.csproj" Id="9f6569ec-4ebf-49e3-9c9c-10d22bc921b9" />
</Solution>
